// !$*UTF8*$!
{
	archiveVersion = 1;
	classes = {
	};
	objectVersion = 51;
	objects = {

/* Begin PBXBuildFile section */
		1E474956235CE8A400F58BAA /* LandingScreenVC.swift in Sources */ = {isa = PBXBuildFile; fileRef = 1E474954235CE8A400F58BAA /* LandingScreenVC.swift */; };
		1E474957235CE8A400F58BAA /* LandingScreenVC.xib in Resources */ = {isa = PBXBuildFile; fileRef = 1E474955235CE8A400F58BAA /* LandingScreenVC.xib */; };
		1E47495A235CEECF00F58BAA /* SignUpScreenVC.swift in Sources */ = {isa = PBXBuildFile; fileRef = 1E474958235CEECF00F58BAA /* SignUpScreenVC.swift */; };
		1E47495B235CEECF00F58BAA /* SignUpScreenVC.xib in Resources */ = {isa = PBXBuildFile; fileRef = 1E474959235CEECF00F58BAA /* SignUpScreenVC.xib */; };
		1E47495E235CF78E00F58BAA /* LoginScreenVC.swift in Sources */ = {isa = PBXBuildFile; fileRef = 1E47495C235CF78E00F58BAA /* LoginScreenVC.swift */; };
		1E47495F235CF78E00F58BAA /* LoginScreenVC.xib in Resources */ = {isa = PBXBuildFile; fileRef = 1E47495D235CF78E00F58BAA /* LoginScreenVC.xib */; };
		1E70D2C7235DE84300BDCC41 /* UIButton+Additions.swift in Sources */ = {isa = PBXBuildFile; fileRef = 1E70D2C6235DE84300BDCC41 /* UIButton+Additions.swift */; };
		1E70D2C9235DE87D00BDCC41 /* UIImage+Additions.swift in Sources */ = {isa = PBXBuildFile; fileRef = 1E70D2C8235DE87D00BDCC41 /* UIImage+Additions.swift */; };
		1E70D2CB235DE88F00BDCC41 /* UITextField+Additions.swift in Sources */ = {isa = PBXBuildFile; fileRef = 1E70D2CA235DE88F00BDCC41 /* UITextField+Additions.swift */; };
		1E70D2CD235DE8A900BDCC41 /* UIColor+Additions.swift in Sources */ = {isa = PBXBuildFile; fileRef = 1E70D2CC235DE8A900BDCC41 /* UIColor+Additions.swift */; };
		1E70D2CF235DEB6400BDCC41 /* UIViewController+Additions.swift in Sources */ = {isa = PBXBuildFile; fileRef = 1E70D2CE235DEB6400BDCC41 /* UIViewController+Additions.swift */; };
		1E70D2D1235DED1D00BDCC41 /* PaddedTextField.swift in Sources */ = {isa = PBXBuildFile; fileRef = 1E70D2D0235DED1D00BDCC41 /* PaddedTextField.swift */; };
		1E70D2D4235DF0FF00BDCC41 /* FirebaseAuthManager.swift in Sources */ = {isa = PBXBuildFile; fileRef = 1E70D2D3235DF0FF00BDCC41 /* FirebaseAuthManager.swift */; };
		1E741247235E766000ADCAC9 /* AppSettings.swift in Sources */ = {isa = PBXBuildFile; fileRef = 1E741246235E766000ADCAC9 /* AppSettings.swift */; };
		1E74124B235E8FF800ADCAC9 /* ChannelsVC.swift in Sources */ = {isa = PBXBuildFile; fileRef = 1E74124A235E8FF800ADCAC9 /* ChannelsVC.swift */; };
		1E74124D235E916200ADCAC9 /* Message.swift in Sources */ = {isa = PBXBuildFile; fileRef = 1E74124C235E916200ADCAC9 /* Message.swift */; };
		1E8F9A9E2360AFDD002D99C2 /* AppController.swift in Sources */ = {isa = PBXBuildFile; fileRef = 1E8F9A9D2360AFDD002D99C2 /* AppController.swift */; };
		1E9849EE235CCE75001CDB30 /* AppDelegate.swift in Sources */ = {isa = PBXBuildFile; fileRef = 1E9849ED235CCE75001CDB30 /* AppDelegate.swift */; };
		1E9849F7235CCE76001CDB30 /* Assets.xcassets in Resources */ = {isa = PBXBuildFile; fileRef = 1E9849F6235CCE76001CDB30 /* Assets.xcassets */; };
		1E9849FA235CCE76001CDB30 /* LaunchScreen.storyboard in Resources */ = {isa = PBXBuildFile; fileRef = 1E9849F8235CCE76001CDB30 /* LaunchScreen.storyboard */; };
		1E984A09235CD406001CDB30 /* GoogleService-Info.plist in Resources */ = {isa = PBXBuildFile; fileRef = 1E984A08235CD406001CDB30 /* GoogleService-Info.plist */; };
		1EB44CD5235F366400B12A0D /* Image.swift in Sources */ = {isa = PBXBuildFile; fileRef = 1EB44CD4235F366400B12A0D /* Image.swift */; };
		1EB44CD7235F38EC00B12A0D /* DatabaseRepresentation.swift in Sources */ = {isa = PBXBuildFile; fileRef = 1EB44CD6235F38EC00B12A0D /* DatabaseRepresentation.swift */; };
		1EB44CD9235F3C0A00B12A0D /* ChatVC.swift in Sources */ = {isa = PBXBuildFile; fileRef = 1EB44CD8235F3C0A00B12A0D /* ChatVC.swift */; };
		1EB44CDB235F423100B12A0D /* Channel.swift in Sources */ = {isa = PBXBuildFile; fileRef = 1EB44CDA235F423100B12A0D /* Channel.swift */; };
		1EB44CDD235F438F00B12A0D /* UICollectionView+Additions.swift in Sources */ = {isa = PBXBuildFile; fileRef = 1EB44CDC235F438F00B12A0D /* UICollectionView+Additions.swift */; };
		1EB44CDF235F49E500B12A0D /* UIView+Additions.swift in Sources */ = {isa = PBXBuildFile; fileRef = 1EB44CDE235F49E500B12A0D /* UIView+Additions.swift */; };
		C9BFAFB2DC634F8632D0C7A5 /* Pods_Chat_App.framework in Frameworks */ = {isa = PBXBuildFile; fileRef = 8862E841E192D16FE6135154 /* Pods_Chat_App.framework */; };
/* End PBXBuildFile section */

/* Begin PBXFileReference section */
		02C6BF25C22C3C2A7959AE54 /* Pods-Chat App.debug.xcconfig */ = {isa = PBXFileReference; includeInIndex = 1; lastKnownFileType = text.xcconfig; name = "Pods-Chat App.debug.xcconfig"; path = "Target Support Files/Pods-Chat App/Pods-Chat App.debug.xcconfig"; sourceTree = "<group>"; };
		1E474954235CE8A400F58BAA /* LandingScreenVC.swift */ = {isa = PBXFileReference; lastKnownFileType = sourcecode.swift; path = LandingScreenVC.swift; sourceTree = "<group>"; };
		1E474955235CE8A400F58BAA /* LandingScreenVC.xib */ = {isa = PBXFileReference; lastKnownFileType = file.xib; path = LandingScreenVC.xib; sourceTree = "<group>"; };
		1E474958235CEECF00F58BAA /* SignUpScreenVC.swift */ = {isa = PBXFileReference; lastKnownFileType = sourcecode.swift; path = SignUpScreenVC.swift; sourceTree = "<group>"; };
		1E474959235CEECF00F58BAA /* SignUpScreenVC.xib */ = {isa = PBXFileReference; lastKnownFileType = file.xib; path = SignUpScreenVC.xib; sourceTree = "<group>"; };
		1E47495C235CF78E00F58BAA /* LoginScreenVC.swift */ = {isa = PBXFileReference; lastKnownFileType = sourcecode.swift; path = LoginScreenVC.swift; sourceTree = "<group>"; };
		1E47495D235CF78E00F58BAA /* LoginScreenVC.xib */ = {isa = PBXFileReference; lastKnownFileType = file.xib; path = LoginScreenVC.xib; sourceTree = "<group>"; };
		1E70D2C6235DE84300BDCC41 /* UIButton+Additions.swift */ = {isa = PBXFileReference; lastKnownFileType = sourcecode.swift; path = "UIButton+Additions.swift"; sourceTree = "<group>"; };
		1E70D2C8235DE87D00BDCC41 /* UIImage+Additions.swift */ = {isa = PBXFileReference; lastKnownFileType = sourcecode.swift; path = "UIImage+Additions.swift"; sourceTree = "<group>"; };
		1E70D2CA235DE88F00BDCC41 /* UITextField+Additions.swift */ = {isa = PBXFileReference; lastKnownFileType = sourcecode.swift; path = "UITextField+Additions.swift"; sourceTree = "<group>"; };
		1E70D2CC235DE8A900BDCC41 /* UIColor+Additions.swift */ = {isa = PBXFileReference; lastKnownFileType = sourcecode.swift; path = "UIColor+Additions.swift"; sourceTree = "<group>"; };
		1E70D2CE235DEB6400BDCC41 /* UIViewController+Additions.swift */ = {isa = PBXFileReference; lastKnownFileType = sourcecode.swift; path = "UIViewController+Additions.swift"; sourceTree = "<group>"; };
		1E70D2D0235DED1D00BDCC41 /* PaddedTextField.swift */ = {isa = PBXFileReference; lastKnownFileType = sourcecode.swift; path = PaddedTextField.swift; sourceTree = "<group>"; };
		1E70D2D3235DF0FF00BDCC41 /* FirebaseAuthManager.swift */ = {isa = PBXFileReference; lastKnownFileType = sourcecode.swift; path = FirebaseAuthManager.swift; sourceTree = "<group>"; };
		1E741246235E766000ADCAC9 /* AppSettings.swift */ = {isa = PBXFileReference; lastKnownFileType = sourcecode.swift; path = AppSettings.swift; sourceTree = "<group>"; };
		1E74124A235E8FF800ADCAC9 /* ChannelsVC.swift */ = {isa = PBXFileReference; lastKnownFileType = sourcecode.swift; path = ChannelsVC.swift; sourceTree = "<group>"; };
		1E74124C235E916200ADCAC9 /* Message.swift */ = {isa = PBXFileReference; lastKnownFileType = sourcecode.swift; path = Message.swift; sourceTree = "<group>"; };
		1E8F9A9D2360AFDD002D99C2 /* AppController.swift */ = {isa = PBXFileReference; lastKnownFileType = sourcecode.swift; path = AppController.swift; sourceTree = "<group>"; };
		1E9849EA235CCE75001CDB30 /* Chat App.app */ = {isa = PBXFileReference; explicitFileType = wrapper.application; includeInIndex = 0; path = "Chat App.app"; sourceTree = BUILT_PRODUCTS_DIR; };
		1E9849ED235CCE75001CDB30 /* AppDelegate.swift */ = {isa = PBXFileReference; lastKnownFileType = sourcecode.swift; path = AppDelegate.swift; sourceTree = "<group>"; };
		1E9849F6235CCE76001CDB30 /* Assets.xcassets */ = {isa = PBXFileReference; lastKnownFileType = folder.assetcatalog; path = Assets.xcassets; sourceTree = "<group>"; };
		1E9849F9235CCE76001CDB30 /* Base */ = {isa = PBXFileReference; lastKnownFileType = file.storyboard; name = Base; path = Base.lproj/LaunchScreen.storyboard; sourceTree = "<group>"; };
		1E9849FB235CCE76001CDB30 /* Info.plist */ = {isa = PBXFileReference; lastKnownFileType = text.plist.xml; path = Info.plist; sourceTree = "<group>"; };
		1E984A08235CD406001CDB30 /* GoogleService-Info.plist */ = {isa = PBXFileReference; fileEncoding = 4; lastKnownFileType = text.plist.xml; path = "GoogleService-Info.plist"; sourceTree = "<group>"; };
		1EB44CD4235F366400B12A0D /* Image.swift */ = {isa = PBXFileReference; lastKnownFileType = sourcecode.swift; path = Image.swift; sourceTree = "<group>"; };
		1EB44CD6235F38EC00B12A0D /* DatabaseRepresentation.swift */ = {isa = PBXFileReference; lastKnownFileType = sourcecode.swift; path = DatabaseRepresentation.swift; sourceTree = "<group>"; };
		1EB44CD8235F3C0A00B12A0D /* ChatVC.swift */ = {isa = PBXFileReference; lastKnownFileType = sourcecode.swift; path = ChatVC.swift; sourceTree = "<group>"; };
		1EB44CDA235F423100B12A0D /* Channel.swift */ = {isa = PBXFileReference; lastKnownFileType = sourcecode.swift; path = Channel.swift; sourceTree = "<group>"; };
		1EB44CDC235F438F00B12A0D /* UICollectionView+Additions.swift */ = {isa = PBXFileReference; lastKnownFileType = sourcecode.swift; path = "UICollectionView+Additions.swift"; sourceTree = "<group>"; };
		1EB44CDE235F49E500B12A0D /* UIView+Additions.swift */ = {isa = PBXFileReference; lastKnownFileType = sourcecode.swift; path = "UIView+Additions.swift"; sourceTree = "<group>"; };
		7095C28933A09173D1D33988 /* Pods-Chat App.release.xcconfig */ = {isa = PBXFileReference; includeInIndex = 1; lastKnownFileType = text.xcconfig; name = "Pods-Chat App.release.xcconfig"; path = "Target Support Files/Pods-Chat App/Pods-Chat App.release.xcconfig"; sourceTree = "<group>"; };
		8862E841E192D16FE6135154 /* Pods_Chat_App.framework */ = {isa = PBXFileReference; explicitFileType = wrapper.framework; includeInIndex = 0; path = Pods_Chat_App.framework; sourceTree = BUILT_PRODUCTS_DIR; };
/* End PBXFileReference section */

/* Begin PBXFrameworksBuildPhase section */
		1E9849E7235CCE75001CDB30 /* Frameworks */ = {
			isa = PBXFrameworksBuildPhase;
			buildActionMask = 2147483647;
			files = (
				C9BFAFB2DC634F8632D0C7A5 /* Pods_Chat_App.framework in Frameworks */,
			);
			runOnlyForDeploymentPostprocessing = 0;
		};
/* End PBXFrameworksBuildPhase section */

/* Begin PBXGroup section */
		1E474950235CE77400F58BAA /* Models */ = {
			isa = PBXGroup;
			children = (
				1E74124C235E916200ADCAC9 /* Message.swift */,
				1EB44CD4235F366400B12A0D /* Image.swift */,
				1EB44CD6235F38EC00B12A0D /* DatabaseRepresentation.swift */,
				1EB44CDA235F423100B12A0D /* Channel.swift */,
			);
			path = Models;
			sourceTree = "<group>";
		};
		1E474951235CE77900F58BAA /* View Controllers */ = {
			isa = PBXGroup;
			children = (
				1E474954235CE8A400F58BAA /* LandingScreenVC.swift */,
				1E474955235CE8A400F58BAA /* LandingScreenVC.xib */,
				1E474958235CEECF00F58BAA /* SignUpScreenVC.swift */,
				1E474959235CEECF00F58BAA /* SignUpScreenVC.xib */,
				1E47495C235CF78E00F58BAA /* LoginScreenVC.swift */,
				1E47495D235CF78E00F58BAA /* LoginScreenVC.xib */,
				1E74124A235E8FF800ADCAC9 /* ChannelsVC.swift */,
				1EB44CD8235F3C0A00B12A0D /* ChatVC.swift */,
			);
			path = "View Controllers";
			sourceTree = "<group>";
		};
		1E474952235CE77F00F58BAA /* Extensions */ = {
			isa = PBXGroup;
			children = (
				1E70D2C6235DE84300BDCC41 /* UIButton+Additions.swift */,
				1E70D2C8235DE87D00BDCC41 /* UIImage+Additions.swift */,
				1E70D2CA235DE88F00BDCC41 /* UITextField+Additions.swift */,
				1E70D2CC235DE8A900BDCC41 /* UIColor+Additions.swift */,
				1E70D2CE235DEB6400BDCC41 /* UIViewController+Additions.swift */,
				1E70D2D0235DED1D00BDCC41 /* PaddedTextField.swift */,
				1EB44CDC235F438F00B12A0D /* UICollectionView+Additions.swift */,
				1EB44CDE235F49E500B12A0D /* UIView+Additions.swift */,
			);
			path = Extensions;
			sourceTree = "<group>";
		};
		1E474953235CE78D00F58BAA /* Controllers */ = {
			isa = PBXGroup;
			children = (
				1E9849ED235CCE75001CDB30 /* AppDelegate.swift */,
				1E741246235E766000ADCAC9 /* AppSettings.swift */,
				1E8F9A9D2360AFDD002D99C2 /* AppController.swift */,
			);
			path = Controllers;
			sourceTree = "<group>";
		};
		1E70D2D2235DF0F600BDCC41 /* Firebase */ = {
			isa = PBXGroup;
			children = (
				1E70D2D3235DF0FF00BDCC41 /* FirebaseAuthManager.swift */,
			);
			path = Firebase;
			sourceTree = "<group>";
		};
		1E9849E1235CCE75001CDB30 = {
			isa = PBXGroup;
			children = (
				1E9849EC235CCE75001CDB30 /* Chat App */,
				1E9849EB235CCE75001CDB30 /* Products */,
				9343CBC0172324476E902E86 /* Pods */,
				94F7BD5B3A636A778F4EAA45 /* Frameworks */,
			);
			sourceTree = "<group>";
		};
		1E9849EB235CCE75001CDB30 /* Products */ = {
			isa = PBXGroup;
			children = (
				1E9849EA235CCE75001CDB30 /* Chat App.app */,
			);
			name = Products;
			sourceTree = "<group>";
		};
		1E9849EC235CCE75001CDB30 /* Chat App */ = {
			isa = PBXGroup;
			children = (
				1E70D2D2235DF0F600BDCC41 /* Firebase */,
				1E474953235CE78D00F58BAA /* Controllers */,
				1E474952235CE77F00F58BAA /* Extensions */,
				1E474951235CE77900F58BAA /* View Controllers */,
				1E474950235CE77400F58BAA /* Models */,
				1E984A01235CD0D9001CDB30 /* Supporting Files */,
			);
			path = "Chat App";
			sourceTree = "<group>";
		};
		1E984A01235CD0D9001CDB30 /* Supporting Files */ = {
			isa = PBXGroup;
			children = (
				1E9849F6235CCE76001CDB30 /* Assets.xcassets */,
				1E9849FB235CCE76001CDB30 /* Info.plist */,
				1E984A08235CD406001CDB30 /* GoogleService-Info.plist */,
				1E9849F8235CCE76001CDB30 /* LaunchScreen.storyboard */,
			);
			path = "Supporting Files";
			sourceTree = "<group>";
		};
		9343CBC0172324476E902E86 /* Pods */ = {
			isa = PBXGroup;
			children = (
				02C6BF25C22C3C2A7959AE54 /* Pods-Chat App.debug.xcconfig */,
				7095C28933A09173D1D33988 /* Pods-Chat App.release.xcconfig */,
			);
			path = Pods;
			sourceTree = "<group>";
		};
		94F7BD5B3A636A778F4EAA45 /* Frameworks */ = {
			isa = PBXGroup;
			children = (
				8862E841E192D16FE6135154 /* Pods_Chat_App.framework */,
			);
			name = Frameworks;
			sourceTree = "<group>";
		};
/* End PBXGroup section */

/* Begin PBXNativeTarget section */
		1E9849E9235CCE75001CDB30 /* Chat App */ = {
			isa = PBXNativeTarget;
			buildConfigurationList = 1E9849FE235CCE76001CDB30 /* Build configuration list for PBXNativeTarget "Chat App" */;
			buildPhases = (
				09F93C8B2A3AEC7D12BED408 /* [CP] Check Pods Manifest.lock */,
				1E9849E6235CCE75001CDB30 /* Sources */,
				1E9849E7235CCE75001CDB30 /* Frameworks */,
				1E9849E8235CCE75001CDB30 /* Resources */,
				21D2398CAD7A69D06814C328 /* [CP] Embed Pods Frameworks */,
			);
			buildRules = (
			);
			dependencies = (
			);
			name = "Chat App";
			productName = "Chat App";
			productReference = 1E9849EA235CCE75001CDB30 /* Chat App.app */;
			productType = "com.apple.product-type.application";
		};
/* End PBXNativeTarget section */

/* Begin PBXProject section */
		1E9849E2235CCE75001CDB30 /* Project object */ = {
			isa = PBXProject;
			attributes = {
				LastSwiftUpdateCheck = 1110;
				LastUpgradeCheck = 1110;
				ORGANIZATIONNAME = "Kevin Li";
				TargetAttributes = {
					1E9849E9235CCE75001CDB30 = {
						CreatedOnToolsVersion = 11.1;
					};
				};
			};
			buildConfigurationList = 1E9849E5235CCE75001CDB30 /* Build configuration list for PBXProject "Chat App" */;
			compatibilityVersion = "Xcode 9.3";
			developmentRegion = en;
			hasScannedForEncodings = 0;
			knownRegions = (
				en,
				Base,
			);
			mainGroup = 1E9849E1235CCE75001CDB30;
			productRefGroup = 1E9849EB235CCE75001CDB30 /* Products */;
			projectDirPath = "";
			projectRoot = "";
			targets = (
				1E9849E9235CCE75001CDB30 /* Chat App */,
			);
		};
/* End PBXProject section */

/* Begin PBXResourcesBuildPhase section */
		1E9849E8235CCE75001CDB30 /* Resources */ = {
			isa = PBXResourcesBuildPhase;
			buildActionMask = 2147483647;
			files = (
				1E474957235CE8A400F58BAA /* LandingScreenVC.xib in Resources */,
				1E9849FA235CCE76001CDB30 /* LaunchScreen.storyboard in Resources */,
				1E47495B235CEECF00F58BAA /* SignUpScreenVC.xib in Resources */,
				1E47495F235CF78E00F58BAA /* LoginScreenVC.xib in Resources */,
				1E984A09235CD406001CDB30 /* GoogleService-Info.plist in Resources */,
				1E9849F7235CCE76001CDB30 /* Assets.xcassets in Resources */,
			);
			runOnlyForDeploymentPostprocessing = 0;
		};
/* End PBXResourcesBuildPhase section */

/* Begin PBXShellScriptBuildPhase section */
		09F93C8B2A3AEC7D12BED408 /* [CP] Check Pods Manifest.lock */ = {
			isa = PBXShellScriptBuildPhase;
			buildActionMask = 2147483647;
			files = (
			);
			inputFileListPaths = (
			);
			inputPaths = (
				"${PODS_PODFILE_DIR_PATH}/Podfile.lock",
				"${PODS_ROOT}/Manifest.lock",
			);
			name = "[CP] Check Pods Manifest.lock";
			outputFileListPaths = (
			);
			outputPaths = (
				"$(DERIVED_FILE_DIR)/Pods-Chat App-checkManifestLockResult.txt",
			);
			runOnlyForDeploymentPostprocessing = 0;
			shellPath = /bin/sh;
			shellScript = "diff \"${PODS_PODFILE_DIR_PATH}/Podfile.lock\" \"${PODS_ROOT}/Manifest.lock\" > /dev/null\nif [ $? != 0 ] ; then\n    # print error to STDERR\n    echo \"error: The sandbox is not in sync with the Podfile.lock. Run 'pod install' or update your CocoaPods installation.\" >&2\n    exit 1\nfi\n# This output is used by Xcode 'outputs' to avoid re-running this script phase.\necho \"SUCCESS\" > \"${SCRIPT_OUTPUT_FILE_0}\"\n";
			showEnvVarsInLog = 0;
		};
		21D2398CAD7A69D06814C328 /* [CP] Embed Pods Frameworks */ = {
			isa = PBXShellScriptBuildPhase;
			buildActionMask = 2147483647;
			files = (
			);
			inputFileListPaths = (
				"${PODS_ROOT}/Target Support Files/Pods-Chat App/Pods-Chat App-frameworks-${CONFIGURATION}-input-files.xcfilelist",
			);
			name = "[CP] Embed Pods Frameworks";
			outputFileListPaths = (
				"${PODS_ROOT}/Target Support Files/Pods-Chat App/Pods-Chat App-frameworks-${CONFIGURATION}-output-files.xcfilelist",
			);
			runOnlyForDeploymentPostprocessing = 0;
			shellPath = /bin/sh;
			shellScript = "\"${PODS_ROOT}/Target Support Files/Pods-Chat App/Pods-Chat App-frameworks.sh\"\n";
			showEnvVarsInLog = 0;
		};
/* End PBXShellScriptBuildPhase section */

/* Begin PBXSourcesBuildPhase section */
		1E9849E6235CCE75001CDB30 /* Sources */ = {
			isa = PBXSourcesBuildPhase;
			buildActionMask = 2147483647;
			files = (
				1E47495E235CF78E00F58BAA /* LoginScreenVC.swift in Sources */,
				1E8F9A9E2360AFDD002D99C2 /* AppController.swift in Sources */,
				1EB44CDB235F423100B12A0D /* Channel.swift in Sources */,
				1E70D2C9235DE87D00BDCC41 /* UIImage+Additions.swift in Sources */,
				1EB44CD9235F3C0A00B12A0D /* ChatVC.swift in Sources */,
				1EB44CDF235F49E500B12A0D /* UIView+Additions.swift in Sources */,
				1E70D2CB235DE88F00BDCC41 /* UITextField+Additions.swift in Sources */,
				1EB44CDD235F438F00B12A0D /* UICollectionView+Additions.swift in Sources */,
				1E70D2CF235DEB6400BDCC41 /* UIViewController+Additions.swift in Sources */,
				1E9849EE235CCE75001CDB30 /* AppDelegate.swift in Sources */,
				1E474956235CE8A400F58BAA /* LandingScreenVC.swift in Sources */,
				1E70D2D1235DED1D00BDCC41 /* PaddedTextField.swift in Sources */,
				1E70D2C7235DE84300BDCC41 /* UIButton+Additions.swift in Sources */,
				1E74124B235E8FF800ADCAC9 /* ChannelsVC.swift in Sources */,
				1E47495A235CEECF00F58BAA /* SignUpScreenVC.swift in Sources */,
				1EB44CD5235F366400B12A0D /* Image.swift in Sources */,
				1E70D2D4235DF0FF00BDCC41 /* FirebaseAuthManager.swift in Sources */,
				1E741247235E766000ADCAC9 /* AppSettings.swift in Sources */,
				1E74124D235E916200ADCAC9 /* Message.swift in Sources */,
				1EB44CD7235F38EC00B12A0D /* DatabaseRepresentation.swift in Sources */,
				1E70D2CD235DE8A900BDCC41 /* UIColor+Additions.swift in Sources */,
			);
			runOnlyForDeploymentPostprocessing = 0;
		};
/* End PBXSourcesBuildPhase section */

/* Begin PBXVariantGroup section */
		1E9849F8235CCE76001CDB30 /* LaunchScreen.storyboard */ = {
			isa = PBXVariantGroup;
			children = (
				1E9849F9235CCE76001CDB30 /* Base */,
			);
			name = LaunchScreen.storyboard;
			sourceTree = "<group>";
		};
/* End PBXVariantGroup section */

/* Begin XCBuildConfiguration section */
		1E9849FC235CCE76001CDB30 /* Debug */ = {
			isa = XCBuildConfiguration;
			buildSettings = {
				ALWAYS_SEARCH_USER_PATHS = NO;
				CLANG_ANALYZER_NONNULL = YES;
				CLANG_ANALYZER_NUMBER_OBJECT_CONVERSION = YES_AGGRESSIVE;
				CLANG_CXX_LANGUAGE_STANDARD = "gnu++14";
				CLANG_CXX_LIBRARY = "libc++";
				CLANG_ENABLE_MODULES = YES;
				CLANG_ENABLE_OBJC_ARC = YES;
				CLANG_ENABLE_OBJC_WEAK = YES;
				CLANG_WARN_BLOCK_CAPTURE_AUTORELEASING = YES;
				CLANG_WARN_BOOL_CONVERSION = YES;
				CLANG_WARN_COMMA = YES;
				CLANG_WARN_CONSTANT_CONVERSION = YES;
				CLANG_WARN_DEPRECATED_OBJC_IMPLEMENTATIONS = YES;
				CLANG_WARN_DIRECT_OBJC_ISA_USAGE = YES_ERROR;
				CLANG_WARN_DOCUMENTATION_COMMENTS = YES;
				CLANG_WARN_EMPTY_BODY = YES;
				CLANG_WARN_ENUM_CONVERSION = YES;
				CLANG_WARN_INFINITE_RECURSION = YES;
				CLANG_WARN_INT_CONVERSION = YES;
				CLANG_WARN_NON_LITERAL_NULL_CONVERSION = YES;
				CLANG_WARN_OBJC_IMPLICIT_RETAIN_SELF = YES;
				CLANG_WARN_OBJC_LITERAL_CONVERSION = YES;
				CLANG_WARN_OBJC_ROOT_CLASS = YES_ERROR;
				CLANG_WARN_RANGE_LOOP_ANALYSIS = YES;
				CLANG_WARN_STRICT_PROTOTYPES = YES;
				CLANG_WARN_SUSPICIOUS_MOVE = YES;
				CLANG_WARN_UNGUARDED_AVAILABILITY = YES_AGGRESSIVE;
				CLANG_WARN_UNREACHABLE_CODE = YES;
				CLANG_WARN__DUPLICATE_METHOD_MATCH = YES;
				COPY_PHASE_STRIP = NO;
				DEBUG_INFORMATION_FORMAT = dwarf;
				ENABLE_STRICT_OBJC_MSGSEND = YES;
				ENABLE_TESTABILITY = YES;
				GCC_C_LANGUAGE_STANDARD = gnu11;
				GCC_DYNAMIC_NO_PIC = NO;
				GCC_NO_COMMON_BLOCKS = YES;
				GCC_OPTIMIZATION_LEVEL = 0;
				GCC_PREPROCESSOR_DEFINITIONS = (
					"DEBUG=1",
					"$(inherited)",
				);
				GCC_WARN_64_TO_32_BIT_CONVERSION = YES;
				GCC_WARN_ABOUT_RETURN_TYPE = YES_ERROR;
				GCC_WARN_UNDECLARED_SELECTOR = YES;
				GCC_WARN_UNINITIALIZED_AUTOS = YES_AGGRESSIVE;
				GCC_WARN_UNUSED_FUNCTION = YES;
				GCC_WARN_UNUSED_VARIABLE = YES;
				IPHONEOS_DEPLOYMENT_TARGET = 12.0;
				MTL_ENABLE_DEBUG_INFO = INCLUDE_SOURCE;
				MTL_FAST_MATH = YES;
				ONLY_ACTIVE_ARCH = YES;
				OTHER_LDFLAGS = "";
				SDKROOT = iphoneos;
				SWIFT_ACTIVE_COMPILATION_CONDITIONS = DEBUG;
				SWIFT_OPTIMIZATION_LEVEL = "-Onone";
			};
			name = Debug;
		};
		1E9849FD235CCE76001CDB30 /* Release */ = {
			isa = XCBuildConfiguration;
			buildSettings = {
				ALWAYS_SEARCH_USER_PATHS = NO;
				CLANG_ANALYZER_NONNULL = YES;
				CLANG_ANALYZER_NUMBER_OBJECT_CONVERSION = YES_AGGRESSIVE;
				CLANG_CXX_LANGUAGE_STANDARD = "gnu++14";
				CLANG_CXX_LIBRARY = "libc++";
				CLANG_ENABLE_MODULES = YES;
				CLANG_ENABLE_OBJC_ARC = YES;
				CLANG_ENABLE_OBJC_WEAK = YES;
				CLANG_WARN_BLOCK_CAPTURE_AUTORELEASING = YES;
				CLANG_WARN_BOOL_CONVERSION = YES;
				CLANG_WARN_COMMA = YES;
				CLANG_WARN_CONSTANT_CONVERSION = YES;
				CLANG_WARN_DEPRECATED_OBJC_IMPLEMENTATIONS = YES;
				CLANG_WARN_DIRECT_OBJC_ISA_USAGE = YES_ERROR;
				CLANG_WARN_DOCUMENTATION_COMMENTS = YES;
				CLANG_WARN_EMPTY_BODY = YES;
				CLANG_WARN_ENUM_CONVERSION = YES;
				CLANG_WARN_INFINITE_RECURSION = YES;
				CLANG_WARN_INT_CONVERSION = YES;
				CLANG_WARN_NON_LITERAL_NULL_CONVERSION = YES;
				CLANG_WARN_OBJC_IMPLICIT_RETAIN_SELF = YES;
				CLANG_WARN_OBJC_LITERAL_CONVERSION = YES;
				CLANG_WARN_OBJC_ROOT_CLASS = YES_ERROR;
				CLANG_WARN_RANGE_LOOP_ANALYSIS = YES;
				CLANG_WARN_STRICT_PROTOTYPES = YES;
				CLANG_WARN_SUSPICIOUS_MOVE = YES;
				CLANG_WARN_UNGUARDED_AVAILABILITY = YES_AGGRESSIVE;
				CLANG_WARN_UNREACHABLE_CODE = YES;
				CLANG_WARN__DUPLICATE_METHOD_MATCH = YES;
				COPY_PHASE_STRIP = NO;
				DEBUG_INFORMATION_FORMAT = "dwarf-with-dsym";
				ENABLE_NS_ASSERTIONS = NO;
				ENABLE_STRICT_OBJC_MSGSEND = YES;
				GCC_C_LANGUAGE_STANDARD = gnu11;
				GCC_NO_COMMON_BLOCKS = YES;
				GCC_WARN_64_TO_32_BIT_CONVERSION = YES;
				GCC_WARN_ABOUT_RETURN_TYPE = YES_ERROR;
				GCC_WARN_UNDECLARED_SELECTOR = YES;
				GCC_WARN_UNINITIALIZED_AUTOS = YES_AGGRESSIVE;
				GCC_WARN_UNUSED_FUNCTION = YES;
				GCC_WARN_UNUSED_VARIABLE = YES;
				IPHONEOS_DEPLOYMENT_TARGET = 12.0;
				MTL_ENABLE_DEBUG_INFO = NO;
				MTL_FAST_MATH = YES;
				OTHER_LDFLAGS = "";
				SDKROOT = iphoneos;
				SWIFT_COMPILATION_MODE = wholemodule;
				SWIFT_OPTIMIZATION_LEVEL = "-O";
				VALIDATE_PRODUCT = YES;
			};
			name = Release;
		};
		1E9849FF235CCE76001CDB30 /* Debug */ = {
			isa = XCBuildConfiguration;
			baseConfigurationReference = 02C6BF25C22C3C2A7959AE54 /* Pods-Chat App.debug.xcconfig */;
			buildSettings = {
				ASSETCATALOG_COMPILER_APPICON_NAME = AppIcon;
				CODE_SIGN_STYLE = Automatic;
				DEVELOPMENT_TEAM = 75H2NCGMKS;
				INFOPLIST_FILE = "Chat App/Supporting Files/Info.plist";
				LD_RUNPATH_SEARCH_PATHS = (
					"$(inherited)",
					"@executable_path/Frameworks",
				);
				PRODUCT_BUNDLE_IDENTIFIER = "com.kevinli.Chat-App";
				PRODUCT_NAME = "$(TARGET_NAME)";
				SWIFT_VERSION = 5.0;
				TARGETED_DEVICE_FAMILY = "1,2";
			};
			name = Debug;
		};
		1E984A00235CCE76001CDB30 /* Release */ = {
			isa = XCBuildConfiguration;
			baseConfigurationReference = 7095C28933A09173D1D33988 /* Pods-Chat App.release.xcconfig */;
			buildSettings = {
				ASSETCATALOG_COMPILER_APPICON_NAME = AppIcon;
				CODE_SIGN_STYLE = Automatic;
				DEVELOPMENT_TEAM = 75H2NCGMKS;
				INFOPLIST_FILE = "Chat App/Supporting Files/Info.plist";
				LD_RUNPATH_SEARCH_PATHS = (
					"$(inherited)",
					"@executable_path/Frameworks",
				);
				PRODUCT_BUNDLE_IDENTIFIER = "com.kevinli.Chat-App";
				PRODUCT_NAME = "$(TARGET_NAME)";
				SWIFT_VERSION = 5.0;
				TARGETED_DEVICE_FAMILY = "1,2";
			};
			name = Release;
		};
/* End XCBuildConfiguration section */

/* Begin XCConfigurationList section */
		1E9849E5235CCE75001CDB30 /* Build configuration list for PBXProject "Chat App" */ = {
			isa = XCConfigurationList;
			buildConfigurations = (
				1E9849FC235CCE76001CDB30 /* Debug */,
				1E9849FD235CCE76001CDB30 /* Release */,
			);
			defaultConfigurationIsVisible = 0;
			defaultConfigurationName = Release;
		};
		1E9849FE235CCE76001CDB30 /* Build configuration list for PBXNativeTarget "Chat App" */ = {
			isa = XCConfigurationList;
			buildConfigurations = (
				1E9849FF235CCE76001CDB30 /* Debug */,
				1E984A00235CCE76001CDB30 /* Release */,
			);
			defaultConfigurationIsVisible = 0;
			defaultConfigurationName = Release;
		};
/* End XCConfigurationList section */
	};
	rootObject = 1E9849E2235CCE75001CDB30 /* Project object */;
}
